// !$*UTF8*$!
{
	archiveVersion = 1;
	classes = {
	};
	objectVersion = 60;
	objects = {

/* Begin PBXBuildFile section */
		000EE769F18742B3B477D3CF /* LineValue.swift in Sources */ = {isa = PBXBuildFile; fileRef = E353FA2831C245F5A0111574 /* LineValue.swift */; };
		05FCA4FD8FE7496E8654BB70 /* CastingEngineTests.swift in Sources */ = {isa = PBXBuildFile; fileRef = 55D24AD374C54517A647A123 /* CastingEngineTests.swift */; };
		0A1B2C3D4E5F60718293A4B5 /* ReadingGuide.swift in Sources */ = {isa = PBXBuildFile; fileRef = A1B2C3D4E5F60718293A4B5C /* ReadingGuide.swift */; };
		1242F044DF5942258C78437E /* HexagramStore.swift in Sources */ = {isa = PBXBuildFile; fileRef = 260E15D9F01D48DAA9D497EA /* HexagramStore.swift */; };
		23694EC8A2D14E19869A21DE /* CoinCastView.swift in Sources */ = {isa = PBXBuildFile; fileRef = 3C7C61C67A8B43748AAC82F1 /* CoinCastView.swift */; };
		287E6E59BF89490E932CFFC6 /* Assets.xcassets in Resources */ = {isa = PBXBuildFile; fileRef = E1E94CC872B540419C963B30 /* Assets.xcassets */; };
		3911DF10CA5946C585F2633F /* CoinCastingEngine.swift in Sources */ = {isa = PBXBuildFile; fileRef = D342D0677A7543F48A192D75 /* CoinCastingEngine.swift */; };
		53B6575BFD7B4F319FD3AF72 /* HexagramFigureView.swift in Sources */ = {isa = PBXBuildFile; fileRef = 0B40D83FECB4427FBDD6C926 /* HexagramFigureView.swift */; };
		602326EE314B4192A2FEDDD7 /* Hexagrams.json in Resources */ = {isa = PBXBuildFile; fileRef = 2A3A7D3A62474756845AF9BE /* Hexagrams.json */; };
		6EA3A2C6C4E141448CC28EEB /* ReadingRecord.swift in Sources */ = {isa = PBXBuildFile; fileRef = 7BBBD6D39ECE4DD39BEA95EF /* ReadingRecord.swift */; };
		755BF225FDD14B22AFAE8E49 /* CastingHomeView.swift in Sources */ = {isa = PBXBuildFile; fileRef = E614E289492B467E8E241148 /* CastingHomeView.swift */; };
		84A157B65C5A4E9A80DDEC3C /* CastingMethod.swift in Sources */ = {isa = PBXBuildFile; fileRef = 5324BB819C354DE18B32CB01 /* CastingMethod.swift */; };
		88BB561655D74ABDB96ED617 /* DigitalCastView.swift in Sources */ = {isa = PBXBuildFile; fileRef = DBE934520CE8420597117133 /* DigitalCastView.swift */; };
		8941F8251B6C44C5854F01A6 /* Hexagram.swift in Sources */ = {isa = PBXBuildFile; fileRef = F9BBA2BE8067493FBBAD0119 /* Hexagram.swift */; };
		91DE366801B3496FB3F80665 /* YizhidaoApp.swift in Sources */ = {isa = PBXBuildFile; fileRef = DD28779165054160BE1BD459 /* YizhidaoApp.swift */; };
		A0B1C2D3E4F5060708090A04 /* OAuthSignIn.swift in Sources */ = {isa = PBXBuildFile; fileRef = A0B1C2D3E4F5060708090A02 /* OAuthSignIn.swift */; };
		A11C1A551C1A551C1A551C04 /* ClassicYijingStore.swift in Sources */ = {isa = PBXBuildFile; fileRef = A11C1A551C1A551C1A551C03 /* ClassicYijingStore.swift */; };
		A11C1A551C1A551C1A551C06 /* ClassicYijingViews.swift in Sources */ = {isa = PBXBuildFile; fileRef = A11C1A551C1A551C1A551C05 /* ClassicYijingViews.swift */; };
		A11C1A551C1A551C1A551C08 /* YijingIntro.json in Resources */ = {isa = PBXBuildFile; fileRef = A11C1A551C1A551C1A551C07 /* YijingIntro.json */; };
		A11C1A551C1A551C1A551C0A /* Zhengshi.json in Resources */ = {isa = PBXBuildFile; fileRef = A11C1A551C1A551C1A551C09 /* Zhengshi.json */; };
		A1B2C3D4E5F60718293A502 /* ImaExplanationStore.swift in Sources */ = {isa = PBXBuildFile; fileRef = A1B2C3D4E5F60718293A501 /* ImaExplanationStore.swift */; };
		A1B2C3D4E5F60718293A504 /* ImaExplanationViews.swift in Sources */ = {isa = PBXBuildFile; fileRef = A1B2C3D4E5F60718293A503 /* ImaExplanationViews.swift */; };
		A1B2C3D4E5F60718293A506 /* ImaExplanations.json in Resources */ = {isa = PBXBuildFile; fileRef = A1B2C3D4E5F60718293A505 /* ImaExplanations.json */; };
		A1B2C3D4E5F60718293A522 /* ImaAnswerFormatter.swift in Sources */ = {isa = PBXBuildFile; fileRef = A1B2C3D4E5F60718293A521 /* ImaAnswerFormatter.swift */; };
		A1B2C3D4E5F60718293A524 /* ImaAnswerFormatterTests.swift in Sources */ = {isa = PBXBuildFile; fileRef = A1B2C3D4E5F60718293A523 /* ImaAnswerFormatterTests.swift */; };
		A1B2C3D4E5F60718293A532 /* AIAnswerFormatter.swift in Sources */ = {isa = PBXBuildFile; fileRef = A1B2C3D4E5F60718293A531 /* AIAnswerFormatter.swift */; };
		A1B2C3D4E5F60718293A534 /* AIAnswerFormatterTests.swift in Sources */ = {isa = PBXBuildFile; fileRef = A1B2C3D4E5F60718293A533 /* AIAnswerFormatterTests.swift */; };
		A1B2C3D4E5F6071893A011 /* AppNavigation.swift in Sources */ = {isa = PBXBuildFile; fileRef = B2C3D4E5F6071893A012 /* AppNavigation.swift */; };
		A7E2B1C094F84D2A9C6E1D30 /* ReadingRecordRow.swift in Sources */ = {isa = PBXBuildFile; fileRef = B8F3C2D185E95E3B0D7F2E41 /* ReadingRecordRow.swift */; };
		B21C91DA1BCB4BCA9CE351AD /* CaseListView.swift in Sources */ = {isa = PBXBuildFile; fileRef = E421C3B729BF40ADA8D18489 /* CaseListView.swift */; };
		C0FFEE0000000000000000A2 /* privacy_policy.html in Resources */ = {isa = PBXBuildFile; fileRef = C0FFEE0000000000000000A1 /* privacy_policy.html */; };
		C0FFEE0000000000000000B2 /* terms_of_service.html in Resources */ = {isa = PBXBuildFile; fileRef = C0FFEE0000000000000000B1 /* terms_of_service.html */; };
		C22D4A551C1A551C1A551C21 /* TapSound.swift in Sources */ = {isa = PBXBuildFile; fileRef = C22D4A551C1A551C1A551C20 /* TapSound.swift */; };
		C22D4A551C1A551C1A551C31 /* tap_bubble.wav in Resources */ = {isa = PBXBuildFile; fileRef = C22D4A551C1A551C1A551C30 /* tap_bubble.wav */; };
		C22D4A551C1A551C1A551C33 /* tap_click.wav in Resources */ = {isa = PBXBuildFile; fileRef = C22D4A551C1A551C1A551C32 /* tap_click.wav */; };
		C22D4A551C1A551C1A551C35 /* tap_wood.wav in Resources */ = {isa = PBXBuildFile; fileRef = C22D4A551C1A551C1A551C34 /* tap_wood.wav */; };
		C22D4A551C1A551C1A551C37 /* tap_jade.wav in Resources */ = {isa = PBXBuildFile; fileRef = C22D4A551C1A551C1A551C36 /* tap_jade.wav */; };
		C22D4A551C1A551C1A551C41 /* AppLanguage.swift in Sources */ = {isa = PBXBuildFile; fileRef = C22D4A551C1A551C1A551C40 /* AppLanguage.swift */; };
		C4A8B1D203E54F6A9B7C8E21 /* SavedAIAnalysis.swift in Sources */ = {isa = PBXBuildFile; fileRef = D5B9C2E314F65A7B0C8D9F32 /* SavedAIAnalysis.swift */; };
		C9D4E3F276A06F4C1E803A52 /* HexagramGroupViews.swift in Sources */ = {isa = PBXBuildFile; fileRef = D0E5F4A387B17B5D2F9A4C63 /* HexagramGroupViews.swift */; };
		CB1B9E21829342AA97B90B04 /* KingWenTable.swift in Sources */ = {isa = PBXBuildFile; fileRef = ECA85F738BC74E21A5C9073A /* KingWenTable.swift */; };
		CC351C1DDE89457DA9C2D046 /* HistoryListView.swift in Sources */ = {isa = PBXBuildFile; fileRef = 4D59DC6B79544101AE267222 /* HistoryListView.swift */; };
		D13A3C208BA540C990E6C366 /* DigitalCastingEngine.swift in Sources */ = {isa = PBXBuildFile; fileRef = E1781F41A2C04E80B1601A9D /* DigitalCastingEngine.swift */; };
		E4A1B2C3D4E5F60718293A01 /* AppTheme.swift in Sources */ = {isa = PBXBuildFile; fileRef = F5B2C3D4E5F60718293A02 /* AppTheme.swift */; };
		F0CB136E943341909C51CC2A /* CaseModels.swift in Sources */ = {isa = PBXBuildFile; fileRef = 4278B724E3594A7292C2B416 /* CaseModels.swift */; };
		F1A2B3C4D5E60718293A6B02 /* PrivacyInfo.xcprivacy in Resources */ = {isa = PBXBuildFile; fileRef = F1A2B3C4D5E60718293A6B01 /* PrivacyInfo.xcprivacy */; };
		F4FA069E0E144AD7AD608185 /* ResultView.swift in Sources */ = {isa = PBXBuildFile; fileRef = 78593865F4DD44ABAF281B2A /* ResultView.swift */; };
		F8C1C3F4E501414DBDDD982A /* LunarCalendarHelper.swift in Sources */ = {isa = PBXBuildFile; fileRef = 9DF34D4493C94C639D9DB6BD /* LunarCalendarHelper.swift */; };
		FBC1E4127C75448A977AD579 /* cases.json in Resources */ = {isa = PBXBuildFile; fileRef = 8393C6C7EE1243889EF8CE5C /* cases.json */; };
/* End PBXBuildFile section */

/* Begin PBXContainerItemProxy section */
		F2DADE0260AE49BDBA4D1DF2 /* PBXContainerItemProxy */ = {
			isa = PBXContainerItemProxy;
			containerPortal = DB7C5B5A2C04434CB1DD61C7 /* Project object */;
			proxyType = 1;
			remoteGlobalIDString = D16BB3E7E4CB46899454D44C;
			remoteInfo = Yizhidao;
		};
/* End PBXContainerItemProxy section */

/* Begin PBXFileReference section */
		0B40D83FECB4427FBDD6C926 /* HexagramFigureView.swift */ = {isa = PBXFileReference; lastKnownFileType = sourcecode.swift; name = HexagramFigureView.swift; path = Features/Casting/HexagramFigureView.swift; sourceTree = "<group>"; };
		260E15D9F01D48DAA9D497EA /* HexagramStore.swift */ = {isa = PBXFileReference; lastKnownFileType = sourcecode.swift; name = HexagramStore.swift; path = Data/HexagramStore.swift; sourceTree = "<group>"; };
		2A3A7D3A62474756845AF9BE /* Hexagrams.json */ = {isa = PBXFileReference; lastKnownFileType = text.json; name = Hexagrams.json; path = Resources/Hexagrams.json; sourceTree = "<group>"; };
		3C7C61C67A8B43748AAC82F1 /* CoinCastView.swift */ = {isa = PBXFileReference; lastKnownFileType = sourcecode.swift; name = CoinCastView.swift; path = Features/Casting/CoinCastView.swift; sourceTree = "<group>"; };
		4278B724E3594A7292C2B416 /* CaseModels.swift */ = {isa = PBXFileReference; lastKnownFileType = sourcecode.swift; name = CaseModels.swift; path = Features/Cases/CaseModels.swift; sourceTree = "<group>"; };
		4CCA25932BFA4D12AB89EA0B /* YizhidaoTests.xctest */ = {isa = PBXFileReference; explicitFileType = wrapper.cfbundle; includeInIndex = 0; path = YizhidaoTests.xctest; sourceTree = BUILT_PRODUCTS_DIR; };
		4D59DC6B79544101AE267222 /* HistoryListView.swift */ = {isa = PBXFileReference; lastKnownFileType = sourcecode.swift; name = HistoryListView.swift; path = Features/History/HistoryListView.swift; sourceTree = "<group>"; };
		5324BB819C354DE18B32CB01 /* CastingMethod.swift */ = {isa = PBXFileReference; lastKnownFileType = sourcecode.swift; name = CastingMethod.swift; path = Domain/CastingMethod.swift; sourceTree = "<group>"; };
		55D24AD374C54517A647A123 /* CastingEngineTests.swift */ = {isa = PBXFileReference; lastKnownFileType = sourcecode.swift; path = CastingEngineTests.swift; sourceTree = "<group>"; };
		78593865F4DD44ABAF281B2A /* ResultView.swift */ = {isa = PBXFileReference; lastKnownFileType = sourcecode.swift; name = ResultView.swift; path = Features/Casting/ResultView.swift; sourceTree = "<group>"; };
		7BBBD6D39ECE4DD39BEA95EF /* ReadingRecord.swift */ = {isa = PBXFileReference; lastKnownFileType = sourcecode.swift; name = ReadingRecord.swift; path = Data/ReadingRecord.swift; sourceTree = "<group>"; };
		8393C6C7EE1243889EF8CE5C /* cases.json */ = {isa = PBXFileReference; lastKnownFileType = text.json; name = cases.json; path = Resources/cases.json; sourceTree = "<group>"; };
		8B62E39E21164DECB56BDBF2 /* Yizhidao.app */ = {isa = PBXFileReference; explicitFileType = wrapper.application; includeInIndex = 0; path = Yizhidao.app; sourceTree = BUILT_PRODUCTS_DIR; };
		9DF34D4493C94C639D9DB6BD /* LunarCalendarHelper.swift */ = {isa = PBXFileReference; lastKnownFileType = sourcecode.swift; name = LunarCalendarHelper.swift; path = Engines/LunarCalendarHelper.swift; sourceTree = "<group>"; };
		A0B1C2D3E4F5060708090A02 /* OAuthSignIn.swift */ = {isa = PBXFileReference; lastKnownFileType = sourcecode.swift; name = OAuthSignIn.swift; path = App/OAuthSignIn.swift; sourceTree = "<group>"; };
		A0B1C2D3E4F5060708090A07 /* Yizhidao.entitlements */ = {isa = PBXFileReference; lastKnownFileType = text.plist.entitlements; path = Yizhidao.entitlements; sourceTree = "<group>"; };
		A11C1A551C1A551C1A551C03 /* ClassicYijingStore.swift */ = {isa = PBXFileReference; lastKnownFileType = sourcecode.swift; name = ClassicYijingStore.swift; path = Data/ClassicYijingStore.swift; sourceTree = "<group>"; };
		A11C1A551C1A551C1A551C05 /* ClassicYijingViews.swift */ = {isa = PBXFileReference; lastKnownFileType = sourcecode.swift; name = ClassicYijingViews.swift; path = Features/Classic/ClassicYijingViews.swift; sourceTree = "<group>"; };
		A11C1A551C1A551C1A551C07 /* YijingIntro.json */ = {isa = PBXFileReference; lastKnownFileType = text.json; name = YijingIntro.json; path = Resources/YijingIntro.json; sourceTree = "<group>"; };
		A11C1A551C1A551C1A551C09 /* Zhengshi.json */ = {isa = PBXFileReference; lastKnownFileType = text.json; name = Zhengshi.json; path = Resources/Zhengshi.json; sourceTree = "<group>"; };
		A1B2C3D4E5F60718293A4B5C /* ReadingGuide.swift */ = {isa = PBXFileReference; lastKnownFileType = sourcecode.swift; name = ReadingGuide.swift; path = Domain/ReadingGuide.swift; sourceTree = "<group>"; };
		A1B2C3D4E5F60718293A501 /* ImaExplanationStore.swift */ = {isa = PBXFileReference; lastKnownFileType = sourcecode.swift; name = ImaExplanationStore.swift; path = Data/ImaExplanationStore.swift; sourceTree = "<group>"; };
		A1B2C3D4E5F60718293A503 /* ImaExplanationViews.swift */ = {isa = PBXFileReference; lastKnownFileType = sourcecode.swift; name = ImaExplanationViews.swift; path = Features/Reading/ImaExplanationViews.swift; sourceTree = "<group>"; };
		A1B2C3D4E5F60718293A505 /* ImaExplanations.json */ = {isa = PBXFileReference; lastKnownFileType = text.json; name = ImaExplanations.json; path = Resources/ImaExplanations.json; sourceTree = "<group>"; };
		A1B2C3D4E5F60718293A521 /* ImaAnswerFormatter.swift */ = {isa = PBXFileReference; lastKnownFileType = sourcecode.swift; name = ImaAnswerFormatter.swift; path = Features/Reading/ImaAnswerFormatter.swift; sourceTree = "<group>"; };
		A1B2C3D4E5F60718293A523 /* ImaAnswerFormatterTests.swift */ = {isa = PBXFileReference; lastKnownFileType = sourcecode.swift; path = ImaAnswerFormatterTests.swift; sourceTree = "<group>"; };
		A1B2C3D4E5F60718293A531 /* AIAnswerFormatter.swift */ = {isa = PBXFileReference; lastKnownFileType = sourcecode.swift; name = AIAnswerFormatter.swift; path = Features/Reading/AIAnswerFormatter.swift; sourceTree = "<group>"; };
		A1B2C3D4E5F60718293A533 /* AIAnswerFormatterTests.swift */ = {isa = PBXFileReference; lastKnownFileType = sourcecode.swift; path = AIAnswerFormatterTests.swift; sourceTree = "<group>"; };
		B2C3D4E5F6071893A012 /* AppNavigation.swift */ = {isa = PBXFileReference; lastKnownFileType = sourcecode.swift; name = AppNavigation.swift; path = App/AppNavigation.swift; sourceTree = "<group>"; };
		B8F3C2D185E95E3B0D7F2E41 /* ReadingRecordRow.swift */ = {isa = PBXFileReference; lastKnownFileType = sourcecode.swift; name = ReadingRecordRow.swift; path = Features/History/ReadingRecordRow.swift; sourceTree = "<group>"; };
		C0FFEE0000000000000000A1 /* privacy_policy.html */ = {isa = PBXFileReference; lastKnownFileType = text.html; name = privacy_policy.html; path = Resources/privacy_policy.html; sourceTree = "<group>"; };
		C0FFEE0000000000000000B1 /* terms_of_service.html */ = {isa = PBXFileReference; lastKnownFileType = text.html; name = terms_of_service.html; path = Resources/terms_of_service.html; sourceTree = "<group>"; };
		C22D4A551C1A551C1A551C20 /* TapSound.swift */ = {isa = PBXFileReference; lastKnownFileType = sourcecode.swift; name = TapSound.swift; path = App/TapSound.swift; sourceTree = "<group>"; };
		C22D4A551C1A551C1A551C30 /* tap_bubble.wav */ = {isa = PBXFileReference; lastKnownFileType = audio.wav; name = tap_bubble.wav; path = Resources/tap_bubble.wav; sourceTree = "<group>"; };
		C22D4A551C1A551C1A551C32 /* tap_click.wav */ = {isa = PBXFileReference; lastKnownFileType = audio.wav; name = tap_click.wav; path = Resources/tap_click.wav; sourceTree = "<group>"; };
		C22D4A551C1A551C1A551C34 /* tap_wood.wav */ = {isa = PBXFileReference; lastKnownFileType = audio.wav; name = tap_wood.wav; path = Resources/tap_wood.wav; sourceTree = "<group>"; };
		C22D4A551C1A551C1A551C36 /* tap_jade.wav */ = {isa = PBXFileReference; lastKnownFileType = audio.wav; name = tap_jade.wav; path = Resources/tap_jade.wav; sourceTree = "<group>"; };
		C22D4A551C1A551C1A551C40 /* AppLanguage.swift */ = {isa = PBXFileReference; lastKnownFileType = sourcecode.swift; name = AppLanguage.swift; path = App/AppLanguage.swift; sourceTree = "<group>"; };
		D0E5F4A387B17B5D2F9A4C63 /* HexagramGroupViews.swift */ = {isa = PBXFileReference; lastKnownFileType = sourcecode.swift; name = HexagramGroupViews.swift; path = Features/History/HexagramGroupViews.swift; sourceTree = "<group>"; };
		D342D0677A7543F48A192D75 /* CoinCastingEngine.swift */ = {isa = PBXFileReference; lastKnownFileType = sourcecode.swift; name = CoinCastingEngine.swift; path = Engines/CoinCastingEngine.swift; sourceTree = "<group>"; };
		D5B9C2E314F65A7B0C8D9F32 /* SavedAIAnalysis.swift */ = {isa = PBXFileReference; lastKnownFileType = sourcecode.swift; name = SavedAIAnalysis.swift; path = Data/SavedAIAnalysis.swift; sourceTree = "<group>"; };
		DBE934520CE8420597117133 /* DigitalCastView.swift */ = {isa = PBXFileReference; lastKnownFileType = sourcecode.swift; name = DigitalCastView.swift; path = Features/Casting/DigitalCastView.swift; sourceTree = "<group>"; };
		DD28779165054160BE1BD459 /* YizhidaoApp.swift */ = {isa = PBXFileReference; lastKnownFileType = sourcecode.swift; name = YizhidaoApp.swift; path = App/YizhidaoApp.swift; sourceTree = "<group>"; };
		E1781F41A2C04E80B1601A9D /* DigitalCastingEngine.swift */ = {isa = PBXFileReference; lastKnownFileType = sourcecode.swift; name = DigitalCastingEngine.swift; path = Engines/DigitalCastingEngine.swift; sourceTree = "<group>"; };
		E1E94CC872B540419C963B30 /* Assets.xcassets */ = {isa = PBXFileReference; lastKnownFileType = folder.assetcatalog; path = Assets.xcassets; sourceTree = "<group>"; };
		E353FA2831C245F5A0111574 /* LineValue.swift */ = {isa = PBXFileReference; lastKnownFileType = sourcecode.swift; name = LineValue.swift; path = Domain/LineValue.swift; sourceTree = "<group>"; };
		E421C3B729BF40ADA8D18489 /* CaseListView.swift */ = {isa = PBXFileReference; lastKnownFileType = sourcecode.swift; name = CaseListView.swift; path = Features/Cases/CaseListView.swift; sourceTree = "<group>"; };
		E614E289492B467E8E241148 /* CastingHomeView.swift */ = {isa = PBXFileReference; lastKnownFileType = sourcecode.swift; name = CastingHomeView.swift; path = Features/Casting/CastingHomeView.swift; sourceTree = "<group>"; };
		ECA85F738BC74E21A5C9073A /* KingWenTable.swift */ = {isa = PBXFileReference; lastKnownFileType = sourcecode.swift; name = KingWenTable.swift; path = Engines/KingWenTable.swift; sourceTree = "<group>"; };
		F1A2B3C4D5E60718293A6B01 /* PrivacyInfo.xcprivacy */ = {isa = PBXFileReference; lastKnownFileType = text.plist.xml; path = PrivacyInfo.xcprivacy; sourceTree = "<group>"; };
		F5B2C3D4E5F60718293A02 /* AppTheme.swift */ = {isa = PBXFileReference; lastKnownFileType = sourcecode.swift; name = AppTheme.swift; path = App/AppTheme.swift; sourceTree = "<group>"; };
		F9BBA2BE8067493FBBAD0119 /* Hexagram.swift */ = {isa = PBXFileReference; lastKnownFileType = sourcecode.swift; name = Hexagram.swift; path = Domain/Hexagram.swift; sourceTree = "<group>"; };
/* End PBXFileReference section */

/* Begin PBXFrameworksBuildPhase section */
		46B0D4521B744F7CB49CE3D1 /* Frameworks */ = {
			isa = PBXFrameworksBuildPhase;
			buildActionMask = 2147483647;
			files = (
			);
			runOnlyForDeploymentPostprocessing = 0;
		};
		5B100616D56B459C9E7403A5 /* Frameworks */ = {
			isa = PBXFrameworksBuildPhase;
			buildActionMask = 2147483647;
			files = (
			);
			runOnlyForDeploymentPostprocessing = 0;
		};
/* End PBXFrameworksBuildPhase section */

/* Begin PBXGroup section */
		04D7B1311AD944EF8DA50DAD /* Yizhidao */ = {
			isa = PBXGroup;
			children = (
				DD28779165054160BE1BD459 /* YizhidaoApp.swift */,
				A0B1C2D3E4F5060708090A02 /* OAuthSignIn.swift */,
				F5B2C3D4E5F60718293A02 /* AppTheme.swift */,
				B2C3D4E5F6071893A012 /* AppNavigation.swift */,
				C22D4A551C1A551C1A551C20 /* TapSound.swift */,
				C22D4A551C1A551C1A551C40 /* AppLanguage.swift */,
				260E15D9F01D48DAA9D497EA /* HexagramStore.swift */,
				A1B2C3D4E5F60718293A501 /* ImaExplanationStore.swift */,
				A1B2C3D4E5F60718293A503 /* ImaExplanationViews.swift */,
				A1B2C3D4E5F60718293A521 /* ImaAnswerFormatter.swift */,
				A1B2C3D4E5F60718293A531 /* AIAnswerFormatter.swift */,
				7BBBD6D39ECE4DD39BEA95EF /* ReadingRecord.swift */,
				D5B9C2E314F65A7B0C8D9F32 /* SavedAIAnalysis.swift */,
				5324BB819C354DE18B32CB01 /* CastingMethod.swift */,
				F9BBA2BE8067493FBBAD0119 /* Hexagram.swift */,
				E353FA2831C245F5A0111574 /* LineValue.swift */,
				A1B2C3D4E5F60718293A4B5C /* ReadingGuide.swift */,
				D342D0677A7543F48A192D75 /* CoinCastingEngine.swift */,
				E1781F41A2C04E80B1601A9D /* DigitalCastingEngine.swift */,
				ECA85F738BC74E21A5C9073A /* KingWenTable.swift */,
				9DF34D4493C94C639D9DB6BD /* LunarCalendarHelper.swift */,
				E614E289492B467E8E241148 /* CastingHomeView.swift */,
				3C7C61C67A8B43748AAC82F1 /* CoinCastView.swift */,
				DBE934520CE8420597117133 /* DigitalCastView.swift */,
				0B40D83FECB4427FBDD6C926 /* HexagramFigureView.swift */,
				78593865F4DD44ABAF281B2A /* ResultView.swift */,
				4D59DC6B79544101AE267222 /* HistoryListView.swift */,
				B8F3C2D185E95E3B0D7F2E41 /* ReadingRecordRow.swift */,
				D0E5F4A387B17B5D2F9A4C63 /* HexagramGroupViews.swift */,
				2A3A7D3A62474756845AF9BE /* Hexagrams.json */,
				C0FFEE0000000000000000A1 /* privacy_policy.html */,
				C0FFEE0000000000000000B1 /* terms_of_service.html */,
				A1B2C3D4E5F60718293A505 /* ImaExplanations.json */,
				4278B724E3594A7292C2B416 /* CaseModels.swift */,
				E421C3B729BF40ADA8D18489 /* CaseListView.swift */,
				8393C6C7EE1243889EF8CE5C /* cases.json */,
				A11C1A551C1A551C1A551C07 /* YijingIntro.json */,
				A11C1A551C1A551C1A551C09 /* Zhengshi.json */,
				C22D4A551C1A551C1A551C30 /* tap_bubble.wav */,
				C22D4A551C1A551C1A551C32 /* tap_click.wav */,
				C22D4A551C1A551C1A551C34 /* tap_wood.wav */,
				C22D4A551C1A551C1A551C36 /* tap_jade.wav */,
				A11C1A551C1A551C1A551C03 /* ClassicYijingStore.swift */,
				A11C1A551C1A551C1A551C05 /* ClassicYijingViews.swift */,
				E1E94CC872B540419C963B30 /* Assets.xcassets */,
				F1A2B3C4D5E60718293A6B01 /* PrivacyInfo.xcprivacy */,
				A0B1C2D3E4F5060708090A07 /* Yizhidao.entitlements */,
			);
			path = Yizhidao;
			sourceTree = "<group>";
		};
		3E6EDF5225ED404EA7C74480 /* Products */ = {
			isa = PBXGroup;
			children = (
				8B62E39E21164DECB56BDBF2 /* Yizhidao.app */,
				4CCA25932BFA4D12AB89EA0B /* YizhidaoTests.xctest */,
			);
			name = Products;
			sourceTree = "<group>";
		};
		A423B33202D24105AB8005C3 /* YizhidaoTests */ = {
			isa = PBXGroup;
			children = (
				55D24AD374C54517A647A123 /* CastingEngineTests.swift */,
				A1B2C3D4E5F60718293A523 /* ImaAnswerFormatterTests.swift */,
				A1B2C3D4E5F60718293A533 /* AIAnswerFormatterTests.swift */,
			);
			path = YizhidaoTests;
			sourceTree = "<group>";
		};
		F04108618BB2496B9946A514 = {
			isa = PBXGroup;
			children = (
				04D7B1311AD944EF8DA50DAD /* Yizhidao */,
				A423B33202D24105AB8005C3 /* YizhidaoTests */,
				3E6EDF5225ED404EA7C74480 /* Products */,
			);
			sourceTree = "<group>";
		};
/* End PBXGroup section */

/* Begin PBXNativeTarget section */
		816A9D505358440BBABEE8AB /* YizhidaoTests */ = {
			isa = PBXNativeTarget;
			buildConfigurationList = 64171B8670044577ABFC8D69 /* Build configuration list for PBXNativeTarget "YizhidaoTests" */;
			buildPhases = (
				9CA17A229379465C879ECAFC /* Sources */,
				5B100616D56B459C9E7403A5 /* Frameworks */,
			);
			buildRules = (
			);
			dependencies = (
				C483CB675911416286952343 /* PBXTargetDependency */,
			);
			name = YizhidaoTests;
			productName = YizhidaoTests;
			productReference = 4CCA25932BFA4D12AB89EA0B /* YizhidaoTests.xctest */;
			productType = "com.apple.product-type.bundle.unit-test";
		};
		D16BB3E7E4CB46899454D44C /* Yizhidao */ = {
			isa = PBXNativeTarget;
			buildConfigurationList = 99F54D58A7824584816DEB75 /* Build configuration list for PBXNativeTarget "Yizhidao" */;
			buildPhases = (
				18DA72ECAA6046AA8C22DC60 /* Sources */,
				46B0D4521B744F7CB49CE3D1 /* Frameworks */,
				625186FA12574BC5895BC124 /* Resources */,
			);
			buildRules = (
			);
			dependencies = (
			);
			name = Yizhidao;
			productName = Yizhidao;
			productReference = 8B62E39E21164DECB56BDBF2 /* Yizhidao.app */;
			productType = "com.apple.product-type.application";
		};
/* End PBXNativeTarget section */

/* Begin PBXProject section */
		DB7C5B5A2C04434CB1DD61C7 /* Project object */ = {
			isa = PBXProject;
			attributes = {
				BuildIndependentTargetsInParallel = 1;
				LastSwiftUpdateCheck = 1600;
				LastUpgradeCheck = 1600;
				TargetAttributes = {
					816A9D505358440BBABEE8AB = {
						CreatedOnToolsVersion = 16.0;
						TestTargetID = D16BB3E7E4CB46899454D44C;
					};
					D16BB3E7E4CB46899454D44C = {
						CreatedOnToolsVersion = 16.0;
					};
				};
			};
			buildConfigurationList = 9580D5AC6C654A18BF2D1764 /* Build configuration list for PBXProject "Yizhidao" */;
			compatibilityVersion = "Xcode 15.0";
			developmentRegion = "zh-Hans";
			hasScannedForEncodings = 0;
			knownRegions = (
				en,
				Base,
				"zh-Hans",
			);
			mainGroup = F04108618BB2496B9946A514;
			productRefGroup = 3E6EDF5225ED404EA7C74480 /* Products */;
			projectDirPath = "";
			projectRoot = "";
			targets = (
				D16BB3E7E4CB46899454D44C /* Yizhidao */,
				816A9D505358440BBABEE8AB /* YizhidaoTests */,
			);
		};
/* End PBXProject section */

/* Begin PBXResourcesBuildPhase section */
		625186FA12574BC5895BC124 /* Resources */ = {
			isa = PBXResourcesBuildPhase;
			buildActionMask = 2147483647;
			files = (
				602326EE314B4192A2FEDDD7 /* Hexagrams.json in Resources */,
				C0FFEE0000000000000000A2 /* privacy_policy.html in Resources */,
				C0FFEE0000000000000000B2 /* terms_of_service.html in Resources */,
				A1B2C3D4E5F60718293A506 /* ImaExplanations.json in Resources */,
				FBC1E4127C75448A977AD579 /* cases.json in Resources */,
				A11C1A551C1A551C1A551C08 /* YijingIntro.json in Resources */,
				A11C1A551C1A551C1A551C0A /* Zhengshi.json in Resources */,
				C22D4A551C1A551C1A551C31 /* tap_bubble.wav in Resources */,
				C22D4A551C1A551C1A551C33 /* tap_click.wav in Resources */,
				C22D4A551C1A551C1A551C35 /* tap_wood.wav in Resources */,
				C22D4A551C1A551C1A551C37 /* tap_jade.wav in Resources */,
				287E6E59BF89490E932CFFC6 /* Assets.xcassets in Resources */,
				F1A2B3C4D5E60718293A6B02 /* PrivacyInfo.xcprivacy in Resources */,
			);
			runOnlyForDeploymentPostprocessing = 0;
		};
/* End PBXResourcesBuildPhase section */

/* Begin PBXSourcesBuildPhase section */
		18DA72ECAA6046AA8C22DC60 /* Sources */ = {
			isa = PBXSourcesBuildPhase;
			buildActionMask = 2147483647;
			files = (
				91DE366801B3496FB3F80665 /* YizhidaoApp.swift in Sources */,
				A0B1C2D3E4F5060708090A04 /* OAuthSignIn.swift in Sources */,
				E4A1B2C3D4E5F60718293A01 /* AppTheme.swift in Sources */,
				A1B2C3D4E5F6071893A011 /* AppNavigation.swift in Sources */,
				C22D4A551C1A551C1A551C21 /* TapSound.swift in Sources */,
				C22D4A551C1A551C1A551C41 /* AppLanguage.swift in Sources */,
				1242F044DF5942258C78437E /* HexagramStore.swift in Sources */,
				A1B2C3D4E5F60718293A502 /* ImaExplanationStore.swift in Sources */,
				A1B2C3D4E5F60718293A504 /* ImaExplanationViews.swift in Sources */,
				A1B2C3D4E5F60718293A522 /* ImaAnswerFormatter.swift in Sources */,
				A1B2C3D4E5F60718293A532 /* AIAnswerFormatter.swift in Sources */,
				6EA3A2C6C4E141448CC28EEB /* ReadingRecord.swift in Sources */,
				C4A8B1D203E54F6A9B7C8E21 /* SavedAIAnalysis.swift in Sources */,
				84A157B65C5A4E9A80DDEC3C /* CastingMethod.swift in Sources */,
				8941F8251B6C44C5854F01A6 /* Hexagram.swift in Sources */,
				000EE769F18742B3B477D3CF /* LineValue.swift in Sources */,
				0A1B2C3D4E5F60718293A4B5 /* ReadingGuide.swift in Sources */,
				3911DF10CA5946C585F2633F /* CoinCastingEngine.swift in Sources */,
				D13A3C208BA540C990E6C366 /* DigitalCastingEngine.swift in Sources */,
				CB1B9E21829342AA97B90B04 /* KingWenTable.swift in Sources */,
				F8C1C3F4E501414DBDDD982A /* LunarCalendarHelper.swift in Sources */,
				755BF225FDD14B22AFAE8E49 /* CastingHomeView.swift in Sources */,
				23694EC8A2D14E19869A21DE /* CoinCastView.swift in Sources */,
				88BB561655D74ABDB96ED617 /* DigitalCastView.swift in Sources */,
				53B6575BFD7B4F319FD3AF72 /* HexagramFigureView.swift in Sources */,
				F4FA069E0E144AD7AD608185 /* ResultView.swift in Sources */,
				CC351C1DDE89457DA9C2D046 /* HistoryListView.swift in Sources */,
				A7E2B1C094F84D2A9C6E1D30 /* ReadingRecordRow.swift in Sources */,
				C9D4E3F276A06F4C1E803A52 /* HexagramGroupViews.swift in Sources */,
				F0CB136E943341909C51CC2A /* CaseModels.swift in Sources */,
				B21C91DA1BCB4BCA9CE351AD /* CaseListView.swift in Sources */,
				A11C1A551C1A551C1A551C04 /* ClassicYijingStore.swift in Sources */,
				A11C1A551C1A551C1A551C06 /* ClassicYijingViews.swift in Sources */,
			);
			runOnlyForDeploymentPostprocessing = 0;
		};
		9CA17A229379465C879ECAFC /* Sources */ = {
			isa = PBXSourcesBuildPhase;
			buildActionMask = 2147483647;
			files = (
				05FCA4FD8FE7496E8654BB70 /* CastingEngineTests.swift in Sources */,
				A1B2C3D4E5F60718293A524 /* ImaAnswerFormatterTests.swift in Sources */,
				A1B2C3D4E5F60718293A534 /* AIAnswerFormatterTests.swift in Sources */,
			);
			runOnlyForDeploymentPostprocessing = 0;
		};
/* End PBXSourcesBuildPhase section */

/* Begin PBXTargetDependency section */
		C483CB675911416286952343 /* PBXTargetDependency */ = {
			isa = PBXTargetDependency;
			target = D16BB3E7E4CB46899454D44C /* Yizhidao */;
			targetProxy = F2DADE0260AE49BDBA4D1DF2 /* PBXContainerItemProxy */;
		};
/* End PBXTargetDependency section */

/* Begin XCBuildConfiguration section */
		0ED320ADA9B44486A7F5054B /* Release */ = {
			isa = XCBuildConfiguration;
			buildSettings = {
				BUNDLE_LOADER = "$(TEST_HOST)";
				CODE_SIGN_STYLE = Automatic;
				CURRENT_PROJECT_VERSION = 1;
				DEVELOPMENT_TEAM = 4N96M5Z4PM;
				GENERATE_INFOPLIST_FILE = YES;
				MARKETING_VERSION = 1.0;
				PRODUCT_BUNDLE_IDENTIFIER = com.yizhidao.app.tests;
				PRODUCT_NAME = "$(TARGET_NAME)";
				SWIFT_VERSION = 5.0;
				TARGETED_DEVICE_FAMILY = 1;
				TEST_HOST = "$(BUILT_PRODUCTS_DIR)/Yizhidao.app/$(BUNDLE_EXECUTABLE_FOLDER_PATH)/Yizhidao";
			};
			name = Release;
		};
		1E4A70EA52094F6EA027E077 /* Debug */ = {
			isa = XCBuildConfiguration;
			buildSettings = {
				ALWAYS_SEARCH_USER_PATHS = NO;
				CLANG_ENABLE_MODULES = YES;
				CLANG_ENABLE_OBJC_ARC = YES;
				COPY_PHASE_STRIP = NO;
				DEBUG_INFORMATION_FORMAT = dwarf;
				ENABLE_TESTABILITY = YES;
				GCC_DYNAMIC_NO_PIC = NO;
				IPHONEOS_DEPLOYMENT_TARGET = 17.0;
				ONLY_ACTIVE_ARCH = YES;
				SDKROOT = iphoneos;
				SWIFT_ACTIVE_COMPILATION_CONDITIONS = "DEBUG $(inherited)";
				SWIFT_OPTIMIZATION_LEVEL = "-Onone";
				SWIFT_VERSION = 5.0;
			};
			name = Debug;
		};
		3F5AC305765849A3A7B7055A /* Debug */ = {
			isa = XCBuildConfiguration;
			buildSettings = {
				ASSETCATALOG_COMPILER_APPICON_NAME = AppIcon;
				CODE_SIGN_ENTITLEMENTS = Yizhidao/Yizhidao.entitlements;
				CODE_SIGN_STYLE = Automatic;
				CURRENT_PROJECT_VERSION = 7;
				DEVELOPMENT_TEAM = 4N96M5Z4PM;
				ENABLE_PREVIEWS = YES;
				GENERATE_INFOPLIST_FILE = YES;
				INFOPLIST_FILE = Yizhidao/Info.plist;
				INFOPLIST_KEY_CFBundleDevelopmentRegion = "zh-Hans";
				INFOPLIST_KEY_CFBundleDisplayName = "易玩家";
				INFOPLIST_KEY_UIApplicationSceneManifest_Generation = YES;
				INFOPLIST_KEY_UILaunchScreen_Generation = YES;
				INFOPLIST_KEY_UISupportedInterfaceOrientations = UIInterfaceOrientationPortrait;
				LD_RUNPATH_SEARCH_PATHS = (
					"$(inherited)",
					"@executable_path/Frameworks",
				);
				MARKETING_VERSION = 1.0;
				PRODUCT_BUNDLE_IDENTIFIER = com.yizhidao.app;
				PRODUCT_NAME = "$(TARGET_NAME)";
				SUPPORTED_PLATFORMS = "iphoneos iphonesimulator";
				SUPPORTS_MACCATALYST = NO;
				SWIFT_EMIT_LOC_STRINGS = YES;
				SWIFT_VERSION = 5.0;
				TARGETED_DEVICE_FAMILY = 1;
			};
			name = Debug;
		};
		7A920CE0FD294EB6924CC18F /* Release */ = {
			isa = XCBuildConfiguration;
			buildSettings = {
				ASSETCATALOG_COMPILER_APPICON_NAME = AppIcon;
				CODE_SIGN_ENTITLEMENTS = Yizhidao/Yizhidao.entitlements;
				CODE_SIGN_STYLE = Automatic;
				CURRENT_PROJECT_VERSION = 7;
				DEVELOPMENT_TEAM = 4N96M5Z4PM;
				ENABLE_PREVIEWS = YES;
				GENERATE_INFOPLIST_FILE = YES;
				INFOPLIST_FILE = Yizhidao/Info.plist;
				INFOPLIST_KEY_CFBundleDevelopmentRegion = "zh-Hans";
				INFOPLIST_KEY_CFBundleDisplayName = "易玩家";
				INFOPLIST_KEY_UIApplicationSceneManifest_Generation = YES;
				INFOPLIST_KEY_UILaunchScreen_Generation = YES;
				INFOPLIST_KEY_UISupportedInterfaceOrientations = UIInterfaceOrientationPortrait;
				LD_RUNPATH_SEARCH_PATHS = (
					"$(inherited)",
					"@executable_path/Frameworks",
				);
				MARKETING_VERSION = 1.0;
				PRODUCT_BUNDLE_IDENTIFIER = com.yizhidao.app;
				PRODUCT_NAME = "$(TARGET_NAME)";
				SUPPORTED_PLATFORMS = "iphoneos iphonesimulator";
				SUPPORTS_MACCATALYST = NO;
				SWIFT_EMIT_LOC_STRINGS = YES;
				SWIFT_VERSION = 5.0;
				TARGETED_DEVICE_FAMILY = 1;
			};
			name = Release;
		};
		8A014B4CCA4143D5BEAAC63A /* Debug */ = {
			isa = XCBuildConfiguration;
			buildSettings = {
				BUNDLE_LOADER = "$(TEST_HOST)";
				CODE_SIGN_STYLE = Automatic;
				CURRENT_PROJECT_VERSION = 1;
				GENERATE_INFOPLIST_FILE = YES;
				MARKETING_VERSION = 1.0;
				PRODUCT_BUNDLE_IDENTIFIER = com.yizhidao.app.tests;
				PRODUCT_NAME = "$(TARGET_NAME)";
				SWIFT_VERSION = 5.0;
				TARGETED_DEVICE_FAMILY = 1;
				TEST_HOST = "$(BUILT_PRODUCTS_DIR)/Yizhidao.app/$(BUNDLE_EXECUTABLE_FOLDER_PATH)/Yizhidao";
			};
			name = Debug;
		};
		A10C05CBE77C4F37A801FF62 /* Release */ = {
			isa = XCBuildConfiguration;
			buildSettings = {
				ALWAYS_SEARCH_USER_PATHS = NO;
				CLANG_ENABLE_MODULES = YES;
				CLANG_ENABLE_OBJC_ARC = YES;
				COPY_PHASE_STRIP = NO;
				DEBUG_INFORMATION_FORMAT = "dwarf-with-dsym";
				ENABLE_TESTABILITY = YES;
				GCC_DYNAMIC_NO_PIC = NO;
				IPHONEOS_DEPLOYMENT_TARGET = 17.0;
				ONLY_ACTIVE_ARCH = NO;
				SDKROOT = iphoneos;
				SWIFT_COMPILATION_MODE = wholemodule;
				SWIFT_OPTIMIZATION_LEVEL = "-O";
				SWIFT_VERSION = 5.0;
			};
			name = Release;
		};
/* End XCBuildConfiguration section */

/* Begin XCConfigurationList section */
		64171B8670044577ABFC8D69 /* Build configuration list for PBXNativeTarget "YizhidaoTests" */ = {
			isa = XCConfigurationList;
			buildConfigurations = (
				8A014B4CCA4143D5BEAAC63A /* Debug */,
				0ED320ADA9B44486A7F5054B /* Release */,
			);
			defaultConfigurationIsVisible = 0;
			defaultConfigurationName = Release;
		};
		9580D5AC6C654A18BF2D1764 /* Build configuration list for PBXProject "Yizhidao" */ = {
			isa = XCConfigurationList;
			buildConfigurations = (
				1E4A70EA52094F6EA027E077 /* Debug */,
				A10C05CBE77C4F37A801FF62 /* Release */,
			);
			defaultConfigurationIsVisible = 0;
			defaultConfigurationName = Release;
		};
		99F54D58A7824584816DEB75 /* Build configuration list for PBXNativeTarget "Yizhidao" */ = {
			isa = XCConfigurationList;
			buildConfigurations = (
				3F5AC305765849A3A7B7055A /* Debug */,
				7A920CE0FD294EB6924CC18F /* Release */,
			);
			defaultConfigurationIsVisible = 0;
			defaultConfigurationName = Release;
		};
/* End XCConfigurationList section */
	};
	rootObject = DB7C5B5A2C04434CB1DD61C7 /* Project object */;
}
